
Microsoft Visual Studio Solution File, Format Version 12.00
# Visual Studio 15
VisualStudioVersion = 15.0.28010.2016
MinimumVisualStudioVersion = 10.0.40219.1
Project("{FAE04EC0-301F-11D3-BF4B-00C04F79EFBC}") = "QRCodeForm", "QRCodeForm\QRCodeForm.csproj", "{A2CBE6B6-D00F-46F1-AB25-B4DE9B1AEF3E}"
EndProject
Global
	GlobalSection(SolutionConfigurationPlatforms) = preSolution
		Debug|Any CPU = Debug|Any CPU
		Release|Any CPU = Release|Any CPU
	EndGlobalSection
	GlobalSection(ProjectConfigurationPlatforms) = postSolution
		{A2CBE6B6-D00F-46F1-AB25-B4DE9B1AEF3E}.Debug|Any CPU.ActiveCfg = Debug|Any CPU
		{A2CBE6B6-D00F-46F1-AB25-B4DE9B1AEF3E}.Debug|Any CPU.Build.0 = Debug|Any CPU
		{A2CBE6B6-D00F-46F1-AB25-B4DE9B1AEF3E}.Release|Any CPU.ActiveCfg = Release|Any CPU
		{A2CBE6B6-D00F-46F1-AB25-B4DE9B1AEF3E}.Release|Any CPU.Build.0 = Release|Any CPU
	EndGlobalSection
	GlobalSection(SolutionProperties) = preSolution
		HideSolutionNode = FALSE
	EndGlobalSection
	GlobalSection(ExtensibilityGlobals) = postSolution
		SolutionGuid = {9F69DDB1-C9CE-4EF8-AAD8-EFAD43B341F9}
	EndGlobalSection
EndGlobal
